
Microsoft Visual Studio Solution File, Format Version 12.00
# Visual Studio 14
VisualStudioVersion = 14.0.25420.1
MinimumVisualStudioVersion = 10.0.40219.1
Project("{FAE04EC0-301F-11D3-BF4B-00C04F79EFBC}") = "OnlineShop.Common", "OnlineShop.Common\OnlineShop.Common.csproj", "{CAE7AB4B-047D-4042-91B0-D420010CD841}"
EndProject
Project("{FAE04EC0-301F-11D3-BF4B-00C04F79EFBC}") = "OnlineShop.Model", "OnlineShop.Model\OnlineShop.Model.csproj", "{5824C260-AD00-445C-98CD-6479A4DB2DDF}"
EndProject
Project("{FAE04EC0-301F-11D3-BF4B-00C04F79EFBC}") = "OnlineShop.Data", "OnlineShop.Data\OnlineShop.Data.csproj", "{0BBB9141-E13F-49C7-B6B1-1A70958222FF}"
EndProject
Project("{FAE04EC0-301F-11D3-BF4B-00C04F79EFBC}") = "OnlineShop.Service", "OnlineShop.Service\OnlineShop.Service.csproj", "{762DC2A0-EF6B-4AD4-B7A7-475EAB2343D4}"
EndProject
Project("{FAE04EC0-301F-11D3-BF4B-00C04F79EFBC}") = "OnlineShop.Web", "OnlineShop.Web\OnlineShop.Web.csproj", "{5B66A85D-68FC-4A8D-A8D2-A5D8004D4D0E}"
EndProject
Project("{FAE04EC0-301F-11D3-BF4B-00C04F79EFBC}") = "OnlineShop.UnitTest", "OnlineShop.UnitTest\OnlineShop.UnitTest.csproj", "{5AC0EFD1-3130-4B60-941A-E8C5CA2B4EF1}"
EndProject
Global
	GlobalSection(SolutionConfigurationPlatforms) = preSolution
		Debug|Any CPU = Debug|Any CPU
		Release|Any CPU = Release|Any CPU
	EndGlobalSection
	GlobalSection(ProjectConfigurationPlatforms) = postSolution
		{CAE7AB4B-047D-4042-91B0-D420010CD841}.Debug|Any CPU.ActiveCfg = Debug|Any CPU
		{CAE7AB4B-047D-4042-91B0-D420010CD841}.Debug|Any CPU.Build.0 = Debug|Any CPU
		{CAE7AB4B-047D-4042-91B0-D420010CD841}.Release|Any CPU.ActiveCfg = Release|Any CPU
		{CAE7AB4B-047D-4042-91B0-D420010CD841}.Release|Any CPU.Build.0 = Release|Any CPU
		{5824C260-AD00-445C-98CD-6479A4DB2DDF}.Debug|Any CPU.ActiveCfg = Debug|Any CPU
		{5824C260-AD00-445C-98CD-6479A4DB2DDF}.Debug|Any CPU.Build.0 = Debug|Any CPU
		{5824C260-AD00-445C-98CD-6479A4DB2DDF}.Release|Any CPU.ActiveCfg = Release|Any CPU
		{5824C260-AD00-445C-98CD-6479A4DB2DDF}.Release|Any CPU.Build.0 = Release|Any CPU
		{0BBB9141-E13F-49C7-B6B1-1A70958222FF}.Debug|Any CPU.ActiveCfg = Debug|Any CPU
		{0BBB9141-E13F-49C7-B6B1-1A70958222FF}.Debug|Any CPU.Build.0 = Debug|Any CPU
		{0BBB9141-E13F-49C7-B6B1-1A70958222FF}.Release|Any CPU.ActiveCfg = Release|Any CPU
		{0BBB9141-E13F-49C7-B6B1-1A70958222FF}.Release|Any CPU.Build.0 = Release|Any CPU
		{762DC2A0-EF6B-4AD4-B7A7-475EAB2343D4}.Debug|Any CPU.ActiveCfg = Debug|Any CPU
		{762DC2A0-EF6B-4AD4-B7A7-475EAB2343D4}.Debug|Any CPU.Build.0 = Debug|Any CPU
		{762DC2A0-EF6B-4AD4-B7A7-475EAB2343D4}.Release|Any CPU.ActiveCfg = Release|Any CPU
		{762DC2A0-EF6B-4AD4-B7A7-475EAB2343D4}.Release|Any CPU.Build.0 = Release|Any CPU
		{5B66A85D-68FC-4A8D-A8D2-A5D8004D4D0E}.Debug|Any CPU.ActiveCfg = Debug|Any CPU
		{5B66A85D-68FC-4A8D-A8D2-A5D8004D4D0E}.Debug|Any CPU.Build.0 = Debug|Any CPU
		{5B66A85D-68FC-4A8D-A8D2-A5D8004D4D0E}.Release|Any CPU.ActiveCfg = Release|Any CPU
		{5B66A85D-68FC-4A8D-A8D2-A5D8004D4D0E}.Release|Any CPU.Build.0 = Release|Any CPU
		{5AC0EFD1-3130-4B60-941A-E8C5CA2B4EF1}.Debug|Any CPU.ActiveCfg = Debug|Any CPU
		{5AC0EFD1-3130-4B60-941A-E8C5CA2B4EF1}.Debug|Any CPU.Build.0 = Debug|Any CPU
		{5AC0EFD1-3130-4B60-941A-E8C5CA2B4EF1}.Release|Any CPU.ActiveCfg = Release|Any CPU
		{5AC0EFD1-3130-4B60-941A-E8C5CA2B4EF1}.Release|Any CPU.Build.0 = Release|Any CPU
	EndGlobalSection
	GlobalSection(SolutionProperties) = preSolution
		HideSolutionNode = FALSE
	EndGlobalSection
EndGlobal
